
Microsoft Visual Studio Solution File, Format Version 12.00
# Visual Studio 2017
Project("{FAE04EC0-301F-11D3-BF4B-00C04F79EFBC}") = "HelloWorld", "HelloWorld.csproj", "{79932E8D-05BB-4732-8574-28B1E8D489F0}"
EndProject
Global
	GlobalSection(SolutionConfigurationPlatforms) = preSolution
		Debug|Any CPU = Debug|Any CPU
		Release|Any CPU = Release|Any CPU
	EndGlobalSection
	GlobalSection(ProjectConfigurationPlatforms) = postSolution
		{79932E8D-05BB-4732-8574-28B1E8D489F0}.Debug|Any CPU.ActiveCfg = Debug|Any CPU
		{79932E8D-05BB-4732-8574-28B1E8D489F0}.Debug|Any CPU.Build.0 = Debug|Any CPU
		{79932E8D-05BB-4732-8574-28B1E8D489F0}.Release|Any CPU.ActiveCfg = Release|Any CPU
		{79932E8D-05BB-4732-8574-28B1E8D489F0}.Release|Any CPU.Build.0 = Release|Any CPU
	EndGlobalSection
EndGlobal
